Microsoft Visual Studio Solution File, Format Version 12.00
# Visual Studio 2012
Project("{FAE04EC0-301F-11D3-BF4B-00C04F79EFBC}") = "Game.Shared", "Game.Shared.csproj", "{3C528AC8-7AE1-4301-A32C-435F42C040CA}"
EndProject
Project("{FAE04EC0-301F-11D3-BF4B-00C04F79EFBC}") = "Shared", "Shared\Shared\Shared.csproj", "{C8177293-9D92-477B-9B36-F6A8FED73E17}"
EndProject
Project("{FAE04EC0-301F-11D3-BF4B-00C04F79EFBC}") = "Game.Server.Headless", "Server\Game.Server.Headless\Game.Server.Headless.csproj", "{632EFDF1-2087-44AA-8EF9-E1758F653780}"
EndProject
Global
	GlobalSection(SolutionConfigurationPlatforms) = preSolution
	Debug|Any CPU = Debug|Any CPU
	ExportDebug|Any CPU = ExportDebug|Any CPU
	ExportRelease|Any CPU = ExportRelease|Any CPU
	EndGlobalSection
	GlobalSection(ProjectConfigurationPlatforms) = postSolution
		{3C528AC8-7AE1-4301-A32C-435F42C040CA}.Debug|Any CPU.ActiveCfg = Debug|Any CPU
		{3C528AC8-7AE1-4301-A32C-435F42C040CA}.Debug|Any CPU.Build.0 = Debug|Any CPU
		{3C528AC8-7AE1-4301-A32C-435F42C040CA}.ExportDebug|Any CPU.ActiveCfg = ExportDebug|Any CPU
		{3C528AC8-7AE1-4301-A32C-435F42C040CA}.ExportDebug|Any CPU.Build.0 = ExportDebug|Any CPU
		{3C528AC8-7AE1-4301-A32C-435F42C040CA}.ExportRelease|Any CPU.ActiveCfg = ExportRelease|Any CPU
		{3C528AC8-7AE1-4301-A32C-435F42C040CA}.ExportRelease|Any CPU.Build.0 = ExportRelease|Any CPU
		{C8177293-9D92-477B-9B36-F6A8FED73E17}.Debug|Any CPU.ActiveCfg = Debug|Any CPU
		{C8177293-9D92-477B-9B36-F6A8FED73E17}.Debug|Any CPU.Build.0 = Debug|Any CPU
		{C8177293-9D92-477B-9B36-F6A8FED73E17}.ExportDebug|Any CPU.ActiveCfg = Debug|Any CPU
		{C8177293-9D92-477B-9B36-F6A8FED73E17}.ExportDebug|Any CPU.Build.0 = Debug|Any CPU
		{C8177293-9D92-477B-9B36-F6A8FED73E17}.ExportRelease|Any CPU.ActiveCfg = Debug|Any CPU
		{C8177293-9D92-477B-9B36-F6A8FED73E17}.ExportRelease|Any CPU.Build.0 = Debug|Any CPU
		{632EFDF1-2087-44AA-8EF9-E1758F653780}.Debug|Any CPU.ActiveCfg = Debug|Any CPU
		{632EFDF1-2087-44AA-8EF9-E1758F653780}.Debug|Any CPU.Build.0 = Debug|Any CPU
		{632EFDF1-2087-44AA-8EF9-E1758F653780}.ExportDebug|Any CPU.ActiveCfg = Debug|Any CPU
		{632EFDF1-2087-44AA-8EF9-E1758F653780}.ExportDebug|Any CPU.Build.0 = Debug|Any CPU
		{632EFDF1-2087-44AA-8EF9-E1758F653780}.ExportRelease|Any CPU.ActiveCfg = Debug|Any CPU
		{632EFDF1-2087-44AA-8EF9-E1758F653780}.ExportRelease|Any CPU.Build.0 = Debug|Any CPU
	EndGlobalSection
EndGlobal
